
Microsoft Visual Studio Solution File, Format Version 11.00
# Visual Studio 2010
Project("{FAE04EC0-301F-11D3-BF4B-00C04F79EFBC}") = "QFramework.CoreKit", "QFramework.CoreKit.csproj", "{649275e7-ab94-7f01-6914-1e50cae1ebd4}"
EndProject
Project("{FAE04EC0-301F-11D3-BF4B-00C04F79EFBC}") = "Assembly-CSharp", "Assembly-CSharp.csproj", "{c022d79e-b8f4-a5ba-7df7-a7d8eca522ba}"
EndProject
Project("{FAE04EC0-301F-11D3-BF4B-00C04F79EFBC}") = "ResKit.Editor", "ResKit.Editor.csproj", "{60c1176f-0033-8b48-6215-666311010ea6}"
EndProject
Project("{FAE04EC0-301F-11D3-BF4B-00C04F79EFBC}") = "UIKit", "UIKit.csproj", "{b2e79552-3139-9896-579d-96e1fb485e34}"
EndProject
Project("{FAE04EC0-301F-11D3-BF4B-00C04F79EFBC}") = "ResKit", "ResKit.csproj", "{fc70cbce-b61c-3af5-386d-dab2caea4c7a}"
EndProject
Project("{FAE04EC0-301F-11D3-BF4B-00C04F79EFBC}") = "Assembly-CSharp-firstpass", "Assembly-CSharp-firstpass.csproj", "{d6bfcf48-a9df-ccd1-078c-32bcb67d0bac}"
EndProject
Project("{FAE04EC0-301F-11D3-BF4B-00C04F79EFBC}") = "EnhancedScroller_asmdef", "EnhancedScroller_asmdef.csproj", "{1b585ff2-273b-54c3-bcbf-6a4a02b4bb9c}"
EndProject
Project("{FAE04EC0-301F-11D3-BF4B-00C04F79EFBC}") = "FPSAnimationFramework.Runtime", "FPSAnimationFramework.Runtime.csproj", "{8a5405a3-e266-e360-4453-f6112fcce279}"
EndProject
Project("{FAE04EC0-301F-11D3-BF4B-00C04F79EFBC}") = "KAnimationCore.Editor", "KAnimationCore.Editor.csproj", "{0ed028ab-cd26-3ff9-f97a-7a9f40d2e989}"
EndProject
Project("{FAE04EC0-301F-11D3-BF4B-00C04F79EFBC}") = "KAnimationCore.Runtime", "KAnimationCore.Runtime.csproj", "{2ed86634-071d-ca4c-2b43-e4bf5c1333bc}"
EndProject
Project("{FAE04EC0-301F-11D3-BF4B-00C04F79EFBC}") = "SupportOldQF", "SupportOldQF.csproj", "{fe24389e-e2cf-af90-57c2-c01b7a8558cf}"
EndProject
Project("{FAE04EC0-301F-11D3-BF4B-00C04F79EFBC}") = "AudioKit", "AudioKit.csproj", "{93b95547-0449-8cfe-47ae-4e0a224749af}"
EndProject
Project("{FAE04EC0-301F-11D3-BF4B-00C04F79EFBC}") = "Assembly-CSharp-Editor-firstpass", "Assembly-CSharp-Editor-firstpass.csproj", "{a486f661-ba67-5193-f20d-fd5c0b8d6c6d}"
EndProject
Project("{FAE04EC0-301F-11D3-BF4B-00C04F79EFBC}") = "FPSAnimationFramework.Editor", "FPSAnimationFramework.Editor.csproj", "{b4dc25f2-3c5e-68b9-b684-6cfb4aef0fcc}"
EndProject
Project("{FAE04EC0-301F-11D3-BF4B-00C04F79EFBC}") = "DOTween.Modules", "DOTween.Modules.csproj", "{ab148984-d73d-6c6f-189a-0e33b4e262b2}"
EndProject
Project("{FAE04EC0-301F-11D3-BF4B-00C04F79EFBC}") = "UIKit.Editor", "UIKit.Editor.csproj", "{81f02d98-fc3a-8aea-9821-71cf68001323}"
EndProject
Project("{FAE04EC0-301F-11D3-BF4B-00C04F79EFBC}") = "QFramework", "QFramework.csproj", "{a772804e-7de5-194e-25a3-496240c41d09}"
EndProject
Project("{FAE04EC0-301F-11D3-BF4B-00C04F79EFBC}") = "ScriptableWidget.Editor", "ScriptableWidget.Editor.csproj", "{286b8fab-fc30-7421-25ae-e1d2e921fd74}"
EndProject
Project("{FAE04EC0-301F-11D3-BF4B-00C04F79EFBC}") = "Assembly-CSharp-Editor", "Assembly-CSharp-Editor.csproj", "{41e584b4-8bc2-ad9f-1337-a7b6e50f95c2}"
EndProject
Global
	GlobalSection(SolutionConfigurationPlatforms) = preSolution
		Debug|Any CPU = Debug|Any CPU
	EndGlobalSection
	GlobalSection(ProjectConfigurationPlatforms) = postSolution
		{649275e7-ab94-7f01-6914-1e50cae1ebd4}.Debug|Any CPU.ActiveCfg = Debug|Any CPU
		{649275e7-ab94-7f01-6914-1e50cae1ebd4}.Debug|Any CPU.Build.0 = Debug|Any CPU
		{c022d79e-b8f4-a5ba-7df7-a7d8eca522ba}.Debug|Any CPU.ActiveCfg = Debug|Any CPU
		{c022d79e-b8f4-a5ba-7df7-a7d8eca522ba}.Debug|Any CPU.Build.0 = Debug|Any CPU
		{60c1176f-0033-8b48-6215-666311010ea6}.Debug|Any CPU.ActiveCfg = Debug|Any CPU
		{60c1176f-0033-8b48-6215-666311010ea6}.Debug|Any CPU.Build.0 = Debug|Any CPU
		{b2e79552-3139-9896-579d-96e1fb485e34}.Debug|Any CPU.ActiveCfg = Debug|Any CPU
		{b2e79552-3139-9896-579d-96e1fb485e34}.Debug|Any CPU.Build.0 = Debug|Any CPU
		{fc70cbce-b61c-3af5-386d-dab2caea4c7a}.Debug|Any CPU.ActiveCfg = Debug|Any CPU
		{fc70cbce-b61c-3af5-386d-dab2caea4c7a}.Debug|Any CPU.Build.0 = Debug|Any CPU
		{d6bfcf48-a9df-ccd1-078c-32bcb67d0bac}.Debug|Any CPU.ActiveCfg = Debug|Any CPU
		{d6bfcf48-a9df-ccd1-078c-32bcb67d0bac}.Debug|Any CPU.Build.0 = Debug|Any CPU
		{1b585ff2-273b-54c3-bcbf-6a4a02b4bb9c}.Debug|Any CPU.ActiveCfg = Debug|Any CPU
		{1b585ff2-273b-54c3-bcbf-6a4a02b4bb9c}.Debug|Any CPU.Build.0 = Debug|Any CPU
		{8a5405a3-e266-e360-4453-f6112fcce279}.Debug|Any CPU.ActiveCfg = Debug|Any CPU
		{8a5405a3-e266-e360-4453-f6112fcce279}.Debug|Any CPU.Build.0 = Debug|Any CPU
		{0ed028ab-cd26-3ff9-f97a-7a9f40d2e989}.Debug|Any CPU.ActiveCfg = Debug|Any CPU
		{0ed028ab-cd26-3ff9-f97a-7a9f40d2e989}.Debug|Any CPU.Build.0 = Debug|Any CPU
		{2ed86634-071d-ca4c-2b43-e4bf5c1333bc}.Debug|Any CPU.ActiveCfg = Debug|Any CPU
		{2ed86634-071d-ca4c-2b43-e4bf5c1333bc}.Debug|Any CPU.Build.0 = Debug|Any CPU
		{fe24389e-e2cf-af90-57c2-c01b7a8558cf}.Debug|Any CPU.ActiveCfg = Debug|Any CPU
		{fe24389e-e2cf-af90-57c2-c01b7a8558cf}.Debug|Any CPU.Build.0 = Debug|Any CPU
		{93b95547-0449-8cfe-47ae-4e0a224749af}.Debug|Any CPU.ActiveCfg = Debug|Any CPU
		{93b95547-0449-8cfe-47ae-4e0a224749af}.Debug|Any CPU.Build.0 = Debug|Any CPU
		{a486f661-ba67-5193-f20d-fd5c0b8d6c6d}.Debug|Any CPU.ActiveCfg = Debug|Any CPU
		{a486f661-ba67-5193-f20d-fd5c0b8d6c6d}.Debug|Any CPU.Build.0 = Debug|Any CPU
		{b4dc25f2-3c5e-68b9-b684-6cfb4aef0fcc}.Debug|Any CPU.ActiveCfg = Debug|Any CPU
		{b4dc25f2-3c5e-68b9-b684-6cfb4aef0fcc}.Debug|Any CPU.Build.0 = Debug|Any CPU
		{ab148984-d73d-6c6f-189a-0e33b4e262b2}.Debug|Any CPU.ActiveCfg = Debug|Any CPU
		{ab148984-d73d-6c6f-189a-0e33b4e262b2}.Debug|Any CPU.Build.0 = Debug|Any CPU
		{81f02d98-fc3a-8aea-9821-71cf68001323}.Debug|Any CPU.ActiveCfg = Debug|Any CPU
		{81f02d98-fc3a-8aea-9821-71cf68001323}.Debug|Any CPU.Build.0 = Debug|Any CPU
		{a772804e-7de5-194e-25a3-496240c41d09}.Debug|Any CPU.ActiveCfg = Debug|Any CPU
		{a772804e-7de5-194e-25a3-496240c41d09}.Debug|Any CPU.Build.0 = Debug|Any CPU
		{286b8fab-fc30-7421-25ae-e1d2e921fd74}.Debug|Any CPU.ActiveCfg = Debug|Any CPU
		{286b8fab-fc30-7421-25ae-e1d2e921fd74}.Debug|Any CPU.Build.0 = Debug|Any CPU
		{41e584b4-8bc2-ad9f-1337-a7b6e50f95c2}.Debug|Any CPU.ActiveCfg = Debug|Any CPU
		{41e584b4-8bc2-ad9f-1337-a7b6e50f95c2}.Debug|Any CPU.Build.0 = Debug|Any CPU
	EndGlobalSection
	GlobalSection(SolutionProperties) = preSolution
		HideSolutionNode = FALSE
	EndGlobalSection
EndGlobal
